
Microsoft Visual Studio Solution File, Format Version 12.00
# Visual Studio Version 17
VisualStudioVersion = 17.3.32825.248
MinimumVisualStudioVersion = 10.0.40219.1
Project("{FAE04EC0-301F-11D3-BF4B-00C04F79EFBC}") = "CustomCommandBarCreator", "CustomCommandBarCreator\CustomCommandBarCreator.csproj", "{1346466F-9069-4BF5-B5F9-E3FEDEEB14DF}"
EndProject
Project("{FAE04EC0-301F-11D3-BF4B-00C04F79EFBC}") = "Installer", "Installer\Installer.csproj", "{EBB3288A-D544-44EF-82ED-ADF11EAABF65}"
EndProject
Project("{FAE04EC0-301F-11D3-BF4B-00C04F79EFBC}") = "Resources", "Resources\Resources.csproj", "{A9F234BD-F090-4F34-8343-AA3E71365FE0}"
EndProject
Project("{FAE04EC0-301F-11D3-BF4B-00C04F79EFBC}") = "GMSLoader", "GMSLoader\GMSLoader.csproj", "{81508B0E-4ACE-4155-A76B-8FA74DE41767}"
EndProject
Global
	GlobalSection(SolutionConfigurationPlatforms) = preSolution
		X8 Debug|Any CPU = X8 Debug|Any CPU
		X8 Release|Any CPU = X8 Release|Any CPU
	EndGlobalSection
	GlobalSection(ProjectConfigurationPlatforms) = postSolution
		{1346466F-9069-4BF5-B5F9-E3FEDEEB14DF}.X8 Debug|Any CPU.ActiveCfg = Debug|Any CPU
		{1346466F-9069-4BF5-B5F9-E3FEDEEB14DF}.X8 Debug|Any CPU.Build.0 = Debug|Any CPU
		{1346466F-9069-4BF5-B5F9-E3FEDEEB14DF}.X8 Release|Any CPU.ActiveCfg = Release|Any CPU
		{1346466F-9069-4BF5-B5F9-E3FEDEEB14DF}.X8 Release|Any CPU.Build.0 = Release|Any CPU
		{EBB3288A-D544-44EF-82ED-ADF11EAABF65}.X8 Debug|Any CPU.ActiveCfg = Debug|Any CPU
		{EBB3288A-D544-44EF-82ED-ADF11EAABF65}.X8 Release|Any CPU.ActiveCfg = Release|Any CPU
		{A9F234BD-F090-4F34-8343-AA3E71365FE0}.X8 Debug|Any CPU.ActiveCfg = Debug|Any CPU
		{A9F234BD-F090-4F34-8343-AA3E71365FE0}.X8 Debug|Any CPU.Build.0 = Debug|Any CPU
		{A9F234BD-F090-4F34-8343-AA3E71365FE0}.X8 Release|Any CPU.ActiveCfg = Release|Any CPU
		{A9F234BD-F090-4F34-8343-AA3E71365FE0}.X8 Release|Any CPU.Build.0 = Release|Any CPU
		{81508B0E-4ACE-4155-A76B-8FA74DE41767}.X8 Debug|Any CPU.ActiveCfg = X8 Debug|Any CPU
		{81508B0E-4ACE-4155-A76B-8FA74DE41767}.X8 Debug|Any CPU.Build.0 = X8 Debug|Any CPU
		{81508B0E-4ACE-4155-A76B-8FA74DE41767}.X8 Release|Any CPU.ActiveCfg = X8 Release|Any CPU
		{81508B0E-4ACE-4155-A76B-8FA74DE41767}.X8 Release|Any CPU.Build.0 = X8 Release|Any CPU
	EndGlobalSection
	GlobalSection(SolutionProperties) = preSolution
		HideSolutionNode = FALSE
	EndGlobalSection
	GlobalSection(ExtensibilityGlobals) = postSolution
		SolutionGuid = {726B5D21-FF99-42AF-A4C0-62249ADCDDBB}
	EndGlobalSection
EndGlobal
